
Microsoft Visual Studio Solution File, Format Version 12.00
# Visual Studio Version 17
VisualStudioVersion = 17.2.32616.157
MinimumVisualStudioVersion = 10.0.40219.1
Project("{9A19103F-16F7-4668-BE54-9A1E7A4F7556}") = "Fallingfl BO3 TOOL", "Fallingfl BO3 TOOL.csproj", "{19226AF5-73E5-466F-9D61-69C2B41B6E97}"
EndProject
Global
	GlobalSection(SolutionConfigurationPlatforms) = preSolution
		Debug|Any CPU = Debug|Any CPU
		Release|Any CPU = Release|Any CPU
	EndGlobalSection
	GlobalSection(ProjectConfigurationPlatforms) = postSolution
		{19226AF5-73E5-466F-9D61-69C2B41B6E97}.Debug|Any CPU.ActiveCfg = Debug|Any CPU
		{19226AF5-73E5-466F-9D61-69C2B41B6E97}.Debug|Any CPU.Build.0 = Debug|Any CPU
		{19226AF5-73E5-466F-9D61-69C2B41B6E97}.Release|Any CPU.ActiveCfg = Release|Any CPU
		{19226AF5-73E5-466F-9D61-69C2B41B6E97}.Release|Any CPU.Build.0 = Release|Any CPU
	EndGlobalSection
	GlobalSection(SolutionProperties) = preSolution
		HideSolutionNode = FALSE
	EndGlobalSection
	GlobalSection(ExtensibilityGlobals) = postSolution
		SolutionGuid = {C4C00AA8-AD3D-40F8-888B-AC0885344E7A}
	EndGlobalSection
EndGlobal
